
Microsoft Visual Studio Solution File, Format Version 11.00
# Visual Studio 2010
Project("{FAE04EC0-301F-11D3-BF4B-00C04F79EFBC}") = "Cours LD Platforming", "Assembly-CSharp.csproj", "{1DFB659C-0803-0E4C-2BB4-A6EA117F469F}"
EndProject
Global
	GlobalSection(SolutionConfigurationPlatforms) = preSolution
		Debug|Any CPU = Debug|Any CPU
		Release|Any CPU = Release|Any CPU
	EndGlobalSection
	GlobalSection(ProjectConfigurationPlatforms) = postSolution
		{1DFB659C-0803-0E4C-2BB4-A6EA117F469F}.Debug|Any CPU.ActiveCfg = Debug|Any CPU
		{1DFB659C-0803-0E4C-2BB4-A6EA117F469F}.Debug|Any CPU.Build.0 = Debug|Any CPU
		{1DFB659C-0803-0E4C-2BB4-A6EA117F469F}.Release|Any CPU.ActiveCfg = Release|Any CPU
		{1DFB659C-0803-0E4C-2BB4-A6EA117F469F}.Release|Any CPU.Build.0 = Release|Any CPU
	EndGlobalSection
	GlobalSection(SolutionProperties) = preSolution
		HideSolutionNode = FALSE
	EndGlobalSection
	GlobalSection(MonoDevelopProperties) = preSolution
		StartupItem = Assembly-CSharp.csproj
	EndGlobalSection
EndGlobal
